
Microsoft Visual Studio Solution File, Format Version 12.00
# Visual Studio Version 16
VisualStudioVersion = 16.0.28803.598
MinimumVisualStudioVersion = 10.0.40219.1
Project("{9A19103F-16F7-4668-BE54-9A1E7A4F7556}") = "Northwind", "Northwind\Northwind.csproj", "{044F1393-DA22-4D77-9A76-CF4E8766DA1C}"
EndProject
Project("{FAE04EC0-301F-11D3-BF4B-00C04F79EFBC}") = "Northwind.Tests", "Northwind.Tests\Northwind.Tests.csproj", "{8905B384-BA75-4F0F-A689-CCC8A2C9A48B}"
EndProject
Global
	GlobalSection(SolutionConfigurationPlatforms) = preSolution
		Debug|Any CPU = Debug|Any CPU
		Release|Any CPU = Release|Any CPU
	EndGlobalSection
	GlobalSection(ProjectConfigurationPlatforms) = postSolution
		{044F1393-DA22-4D77-9A76-CF4E8766DA1C}.Debug|Any CPU.ActiveCfg = Debug|Any CPU
		{044F1393-DA22-4D77-9A76-CF4E8766DA1C}.Debug|Any CPU.Build.0 = Debug|Any CPU
		{044F1393-DA22-4D77-9A76-CF4E8766DA1C}.Release|Any CPU.ActiveCfg = Release|Any CPU
		{044F1393-DA22-4D77-9A76-CF4E8766DA1C}.Release|Any CPU.Build.0 = Release|Any CPU
		{8905B384-BA75-4F0F-A689-CCC8A2C9A48B}.Debug|Any CPU.ActiveCfg = Debug|Any CPU
		{8905B384-BA75-4F0F-A689-CCC8A2C9A48B}.Debug|Any CPU.Build.0 = Debug|Any CPU
		{8905B384-BA75-4F0F-A689-CCC8A2C9A48B}.Release|Any CPU.ActiveCfg = Release|Any CPU
		{8905B384-BA75-4F0F-A689-CCC8A2C9A48B}.Release|Any CPU.Build.0 = Release|Any CPU
	EndGlobalSection
	GlobalSection(SolutionProperties) = preSolution
		HideSolutionNode = FALSE
	EndGlobalSection
	GlobalSection(ExtensibilityGlobals) = postSolution
		SolutionGuid = {80D36351-88FD-4C14-AE78-208AE8F99ECE}
	EndGlobalSection
EndGlobal
